
Microsoft Visual Studio Solution File, Format Version 12.00
# Visual Studio Version 17
VisualStudioVersion = 17.6.33829.357
MinimumVisualStudioVersion = 10.0.40219.1
Project("{FAE04EC0-301F-11D3-BF4B-00C04F79EFBC}") = "MatchGame", "MatchGame\MatchGame.csproj", "{48EA577A-3B57-4E2B-B5BB-3449D167D920}"
EndProject
Global
	GlobalSection(SolutionConfigurationPlatforms) = preSolution
		Debug|Any CPU = Debug|Any CPU
		Release|Any CPU = Release|Any CPU
	EndGlobalSection
	GlobalSection(ProjectConfigurationPlatforms) = postSolution
		{48EA577A-3B57-4E2B-B5BB-3449D167D920}.Debug|Any CPU.ActiveCfg = Debug|Any CPU
		{48EA577A-3B57-4E2B-B5BB-3449D167D920}.Debug|Any CPU.Build.0 = Debug|Any CPU
		{48EA577A-3B57-4E2B-B5BB-3449D167D920}.Release|Any CPU.ActiveCfg = Release|Any CPU
		{48EA577A-3B57-4E2B-B5BB-3449D167D920}.Release|Any CPU.Build.0 = Release|Any CPU
	EndGlobalSection
	GlobalSection(SolutionProperties) = preSolution
		HideSolutionNode = FALSE
	EndGlobalSection
	GlobalSection(ExtensibilityGlobals) = postSolution
		SolutionGuid = {2A382FD0-058A-45C7-85FF-F36D1AD9514D}
	EndGlobalSection
EndGlobal
